github.com/reiver/go-erorr v0.0.0-20240801233437-8cbde6d1fa3f h1:D1QSxKHm8U73XhjsW3SFLkT0zT5pKJi+1KGboMhY1Rk=
github.com/reiver/go-erorr v0.0.0-20240801233437-8cbde6d1fa3f/go.mod h1:F0HbBf+Ak2ZlE8YkDW4Y+KxaUmT0KaaIJK6CXY3cJxE=
github.com/reiver/go-http2https v0.0.0-20250615150048-7ae3b9eeef5e h1:4yD0iWZybrwaZlc6NK5h1ZV0DfMOYw8rMX9RA631Q9k=
github.com/reiver/go-http2https v0.0.0-20250615150048-7ae3b9eeef5e/go.mod h1:uXRSCbZKkd+aipLjXTNogawEQ8TjBjUEErEQFB/pd3Y=
github.com/reiver/go-http500 v0.0.0-20250531141625-af98f83e19aa h1:Yp7SqcNvVj/EEKlI8oICuz67N4gAlV3ImBec3WOjx8U=
github.com/reiver/go-http500 v0.0.0-20250531141625-af98f83e19aa/go.mod h1:sfnQu2KzK8rGH8aBqBP/gW/guYrHUzol86ZsHHFwDeo=
github.com/reiver/go-log v1.1.1-0.20250112073952-9561cd42d7ec h1:hkYO+BgWByMhSsuEGpbnkNdGYiMrKiqbGb/+4Zbwa5s=
github.com/reiver/go-log v1.1.1-0.20250112073952-9561cd42d7ec/go.mod h1:0sqMSve6TILkxj7UEER97cmnhJmE/XkTIPBxtXbSEcM=
